
Microsoft Visual Studio Solution File, Format Version 12.00
# Visual Studio Version 17
VisualStudioVersion = 17.3.32819.101
MinimumVisualStudioVersion = 10.0.40219.1
Project("{FAE04EC0-301F-11D3-BF4B-00C04F79EFBC}") = "HomeworkManagerCourse", "HomeworkManagerCourse\HomeworkManagerCourse.csproj", "{6B1B2BD1-C4C3-4905-944B-5F5AD1BB68FE}"
EndProject
Global
	GlobalSection(SolutionConfigurationPlatforms) = preSolution
		Debug|Any CPU = Debug|Any CPU
		Release|Any CPU = Release|Any CPU
	EndGlobalSection
	GlobalSection(ProjectConfigurationPlatforms) = postSolution
		{6B1B2BD1-C4C3-4905-944B-5F5AD1BB68FE}.Debug|Any CPU.ActiveCfg = Debug|Any CPU
		{6B1B2BD1-C4C3-4905-944B-5F5AD1BB68FE}.Debug|Any CPU.Build.0 = Debug|Any CPU
		{6B1B2BD1-C4C3-4905-944B-5F5AD1BB68FE}.Release|Any CPU.ActiveCfg = Release|Any CPU
		{6B1B2BD1-C4C3-4905-944B-5F5AD1BB68FE}.Release|Any CPU.Build.0 = Release|Any CPU
	EndGlobalSection
	GlobalSection(SolutionProperties) = preSolution
		HideSolutionNode = FALSE
	EndGlobalSection
	GlobalSection(ExtensibilityGlobals) = postSolution
		SolutionGuid = {B4333A42-5345-4F11-ACDF-6E4D88006D57}
	EndGlobalSection
EndGlobal
